
Microsoft Visual Studio Solution File, Format Version 12.00
# Visual Studio Version 17
VisualStudioVersion = 17.8.34309.116
MinimumVisualStudioVersion = 10.0.40219.1
Project("{FAE04EC0-301F-11D3-BF4B-00C04F79EFBC}") = "Shop", "Shop\Shop.csproj", "{423BC078-F000-4248-BF68-2CD6B1F0A1B2}"
EndProject
Project("{FAE04EC0-301F-11D3-BF4B-00C04F79EFBC}") = "Shop.Abstractions", "Shop.Abstractions\Shop.Abstractions.csproj", "{AC4E54A7-9A65-49FF-9BDD-F735602FD399}"
EndProject
Project("{FAE04EC0-301F-11D3-BF4B-00C04F79EFBC}") = "Shop.Core", "Shop.Core\Shop.Core.csproj", "{8F806FEF-FDDA-48C9-9D4C-E1B3BBCE1298}"
EndProject
Global
	GlobalSection(SolutionConfigurationPlatforms) = preSolution
		Debug|Any CPU = Debug|Any CPU
		Release|Any CPU = Release|Any CPU
	EndGlobalSection
	GlobalSection(ProjectConfigurationPlatforms) = postSolution
		{423BC078-F000-4248-BF68-2CD6B1F0A1B2}.Debug|Any CPU.ActiveCfg = Debug|Any CPU
		{423BC078-F000-4248-BF68-2CD6B1F0A1B2}.Debug|Any CPU.Build.0 = Debug|Any CPU
		{423BC078-F000-4248-BF68-2CD6B1F0A1B2}.Release|Any CPU.ActiveCfg = Release|Any CPU
		{423BC078-F000-4248-BF68-2CD6B1F0A1B2}.Release|Any CPU.Build.0 = Release|Any CPU
		{AC4E54A7-9A65-49FF-9BDD-F735602FD399}.Debug|Any CPU.ActiveCfg = Debug|Any CPU
		{AC4E54A7-9A65-49FF-9BDD-F735602FD399}.Debug|Any CPU.Build.0 = Debug|Any CPU
		{AC4E54A7-9A65-49FF-9BDD-F735602FD399}.Release|Any CPU.ActiveCfg = Release|Any CPU
		{AC4E54A7-9A65-49FF-9BDD-F735602FD399}.Release|Any CPU.Build.0 = Release|Any CPU
		{8F806FEF-FDDA-48C9-9D4C-E1B3BBCE1298}.Debug|Any CPU.ActiveCfg = Debug|Any CPU
		{8F806FEF-FDDA-48C9-9D4C-E1B3BBCE1298}.Debug|Any CPU.Build.0 = Debug|Any CPU
		{8F806FEF-FDDA-48C9-9D4C-E1B3BBCE1298}.Release|Any CPU.ActiveCfg = Release|Any CPU
		{8F806FEF-FDDA-48C9-9D4C-E1B3BBCE1298}.Release|Any CPU.Build.0 = Release|Any CPU
	EndGlobalSection
	GlobalSection(SolutionProperties) = preSolution
		HideSolutionNode = FALSE
	EndGlobalSection
	GlobalSection(ExtensibilityGlobals) = postSolution
		SolutionGuid = {DAC066B2-D1A8-4F46-9CB4-F41B16204A15}
	EndGlobalSection
EndGlobal
